{
  "name": "frieren-age",
  "version": "1.4.1",
  "lockfileVersion": 3,
  "requires": true,
  "packages": {
    "": {
      "name": "frieren-age",
      "version": "1.4.1",
      "license": "ISC",
      "dependencies": {
        "frieren-age": "^1.4.1"
      }
    },
    "node_modules/frieren-age": {
      "version": "1.4.1",
      "resolved": "https://registry.npmjs.org/frieren-age/-/frieren-age-1.4.1.tgz",
      "integrity": "sha512-TQcDfTNEj8h4pZak6cFFUKUQt85WvoDAIcS9Awo08DLbYmtZYYyI18quPaSuNau55zZz9TgMC33xq41hw3jM3Q=="
    }
  }
}
